
Microsoft Visual Studio Solution File, Format Version 12.00
# Visual Studio Version 16
VisualStudioVersion = 16.0.29209.62
MinimumVisualStudioVersion = 10.0.40219.1
Project("{FAE04EC0-301F-11D3-BF4B-00C04F79EFBC}") = "MovieDBAPI", "MovieDBAPI\MovieDBAPI.csproj", "{11029641-2667-4995-A056-6DA1EC5E103B}"
EndProject
Global
	GlobalSection(SolutionConfigurationPlatforms) = preSolution
		Debug|Any CPU = Debug|Any CPU
		Release|Any CPU = Release|Any CPU
	EndGlobalSection
	GlobalSection(ProjectConfigurationPlatforms) = postSolution
		{11029641-2667-4995-A056-6DA1EC5E103B}.Debug|Any CPU.ActiveCfg = Debug|Any CPU
		{11029641-2667-4995-A056-6DA1EC5E103B}.Debug|Any CPU.Build.0 = Debug|Any CPU
		{11029641-2667-4995-A056-6DA1EC5E103B}.Release|Any CPU.ActiveCfg = Release|Any CPU
		{11029641-2667-4995-A056-6DA1EC5E103B}.Release|Any CPU.Build.0 = Release|Any CPU
	EndGlobalSection
	GlobalSection(SolutionProperties) = preSolution
		HideSolutionNode = FALSE
	EndGlobalSection
	GlobalSection(ExtensibilityGlobals) = postSolution
		SolutionGuid = {BB92C3B6-224A-4261-8AD9-6FDCEC440424}
	EndGlobalSection
EndGlobal
